
Microsoft Visual Studio Solution File, Format Version 12.00
# Visual Studio Version 16
VisualStudioVersion = 16.0.30204.135
MinimumVisualStudioVersion = 10.0.40219.1
Project("{FAE04EC0-301F-11D3-BF4B-00C04F79EFBC}") = "Integer Converter", "Integer Converter\Integer Converter.csproj", "{E056896B-ACFD-4FF2-9580-6F167B4C9D10}"
EndProject
Global
	GlobalSection(SolutionConfigurationPlatforms) = preSolution
		Debug|Any CPU = Debug|Any CPU
		Release|Any CPU = Release|Any CPU
	EndGlobalSection
	GlobalSection(ProjectConfigurationPlatforms) = postSolution
		{E056896B-ACFD-4FF2-9580-6F167B4C9D10}.Debug|Any CPU.ActiveCfg = Debug|Any CPU
		{E056896B-ACFD-4FF2-9580-6F167B4C9D10}.Debug|Any CPU.Build.0 = Debug|Any CPU
		{E056896B-ACFD-4FF2-9580-6F167B4C9D10}.Release|Any CPU.ActiveCfg = Release|Any CPU
		{E056896B-ACFD-4FF2-9580-6F167B4C9D10}.Release|Any CPU.Build.0 = Release|Any CPU
	EndGlobalSection
	GlobalSection(SolutionProperties) = preSolution
		HideSolutionNode = FALSE
	EndGlobalSection
	GlobalSection(ExtensibilityGlobals) = postSolution
		SolutionGuid = {7E2FF596-7170-49E0-849F-F684209B5264}
	EndGlobalSection
EndGlobal
